
Microsoft Visual Studio Solution File, Format Version 12.00
# Visual Studio Version 17
VisualStudioVersion = 17.0.31919.166
MinimumVisualStudioVersion = 10.0.40219.1
Project("{9A19103F-16F7-4668-BE54-9A1E7A4F7556}") = "ApplicationCore", "ApplicationCore\ApplicationCore.csproj", "{38F7002B-654B-4B8C-BC6B-516BBDE6FCDB}"
EndProject
Project("{2150E333-8FDC-42A3-9474-1A3956D46DE8}") = "src", "src", "{CAA94DFC-9453-4BF0-9842-00111AA94231}"
EndProject
Global
	GlobalSection(SolutionConfigurationPlatforms) = preSolution
		Debug|Any CPU = Debug|Any CPU
		Release|Any CPU = Release|Any CPU
	EndGlobalSection
	GlobalSection(ProjectConfigurationPlatforms) = postSolution
		{38F7002B-654B-4B8C-BC6B-516BBDE6FCDB}.Debug|Any CPU.ActiveCfg = Debug|Any CPU
		{38F7002B-654B-4B8C-BC6B-516BBDE6FCDB}.Debug|Any CPU.Build.0 = Debug|Any CPU
		{38F7002B-654B-4B8C-BC6B-516BBDE6FCDB}.Release|Any CPU.ActiveCfg = Release|Any CPU
		{38F7002B-654B-4B8C-BC6B-516BBDE6FCDB}.Release|Any CPU.Build.0 = Release|Any CPU
	EndGlobalSection
	GlobalSection(SolutionProperties) = preSolution
		HideSolutionNode = FALSE
	EndGlobalSection
	GlobalSection(NestedProjects) = preSolution
		{38F7002B-654B-4B8C-BC6B-516BBDE6FCDB} = {CAA94DFC-9453-4BF0-9842-00111AA94231}
	EndGlobalSection
	GlobalSection(ExtensibilityGlobals) = postSolution
		SolutionGuid = {1F17A099-40D2-4B92-B4A9-6DC1CDAD3974}
	EndGlobalSection
EndGlobal
